
Microsoft Visual Studio Solution File, Format Version 12.00
# Visual Studio 2013
VisualStudioVersion = 12.0.31101.0
MinimumVisualStudioVersion = 10.0.40219.1
Project("{FAE04EC0-301F-11D3-BF4B-00C04F79EFBC}") = "CampingInfoCsvToXml", "CampingInfoCsvToXml\CampingInfoCsvToXml.csproj", "{BB49FE32-7281-44EA-91B6-876516012C67}"
EndProject
Project("{2150E333-8FDC-42A3-9474-1A3956D46DE8}") = ".nuget", ".nuget", "{83E9DCFA-AFB2-4341-9477-FF4E9E403A4E}"
	ProjectSection(SolutionItems) = preProject
		.nuget\packages.config = .nuget\packages.config
	EndProjectSection
EndProject
Global
	GlobalSection(SolutionConfigurationPlatforms) = preSolution
		Debug|Any CPU = Debug|Any CPU
		Release|Any CPU = Release|Any CPU
	EndGlobalSection
	GlobalSection(ProjectConfigurationPlatforms) = postSolution
		{BB49FE32-7281-44EA-91B6-876516012C67}.Debug|Any CPU.ActiveCfg = Debug|Any CPU
		{BB49FE32-7281-44EA-91B6-876516012C67}.Debug|Any CPU.Build.0 = Debug|Any CPU
		{BB49FE32-7281-44EA-91B6-876516012C67}.Release|Any CPU.ActiveCfg = Release|Any CPU
		{BB49FE32-7281-44EA-91B6-876516012C67}.Release|Any CPU.Build.0 = Release|Any CPU
	EndGlobalSection
	GlobalSection(SolutionProperties) = preSolution
		HideSolutionNode = FALSE
	EndGlobalSection
EndGlobal
